{
  "requires": true,
  "lockfileVersion": 1,
  "dependencies": {
    "bytearena-sdk": {
      "version": "0.0.12",
      "resolved": "https://registry.npmjs.org/bytearena-sdk/-/bytearena-sdk-0.0.12.tgz",
      "integrity": "sha512-u+xlT0yQEQ2QkJJyMhdEHWIJCItDbenF02lgzt5PBzGUBsb/YxkSW6SjdKh7Fcy9GaeYhNTJv7CJr1Yz9Zq5uA==",
      "requires": {
        "bytearena-sdk-comm": "0.0.12",
        "bytearena-sdk-vector2": "0.0.9"
      }
    },
    "bytearena-sdk-comm": {
      "version": "0.0.12",
      "resolved": "https://registry.npmjs.org/bytearena-sdk-comm/-/bytearena-sdk-comm-0.0.12.tgz",
      "integrity": "sha512-SiaRa6Q0nqSyo4UgiPFZFjXQr50WOG/ozjzQZqAe4Mc7g6ix8kyTt+CXF3ajjbFySzM3Hv44lAeKlSMqemKUjg=="
    },
    "bytearena-sdk-math": {
      "version": "0.0.6",
      "resolved": "https://registry.npmjs.org/bytearena-sdk-math/-/bytearena-sdk-math-0.0.6.tgz",
      "integrity": "sha512-iSv9A2qex1kxcUI1BZn2IasYbnrM/CoCCyYMXtOzTd92fiF0I4cRtqbaWM+wODO82dd7nZ+LxUI0intA84T7ew=="
    },
    "bytearena-sdk-vector2": {
      "version": "0.0.9",
      "resolved": "https://registry.npmjs.org/bytearena-sdk-vector2/-/bytearena-sdk-vector2-0.0.9.tgz",
      "integrity": "sha512-WgqyWZBWDpY3NDZidaPyhsxC2EESljBiMHMA8UtHmmkrweSDYMCiYJ3F5F30KDDLqlAvG/au/VF2mZRPsgztVQ==",
      "requires": {
        "bytearena-sdk-math": "0.0.6"
      }
    }
  }
}
