{
  "requires": true,
  "lockfileVersion": 1,
  "dependencies": {
    "bytearena-sdk": {
      "version": "0.0.13",
      "resolved": "https://registry.npmjs.org/bytearena-sdk/-/bytearena-sdk-0.0.13.tgz",
      "integrity": "sha512-Pwpr09eoyXWSIqhmLF83AE1JakK5OXdudKdTVVvRC2qgCVYAP6FEQbahY15SGsnIgWM2rjnsl+jmqIIoRDfK+Q==",
      "requires": {
        "bytearena-sdk-comm": "0.0.13",
        "bytearena-sdk-vector2": "0.0.13"
      },
      "dependencies": {
        "bytearena-sdk-comm": {
          "version": "0.0.13",
          "resolved": "https://registry.npmjs.org/bytearena-sdk-comm/-/bytearena-sdk-comm-0.0.13.tgz",
          "integrity": "sha512-8ubM60xw0jkUvGQFeVtAVXQjBrsqSPPguFAGz6iKJPBgOkkv4UkMr6MyaFyLmjTuXaj+anhi/1fi85Khk5tbtQ=="
        },
        "bytearena-sdk-math": {
          "version": "0.0.13",
          "resolved": "https://registry.npmjs.org/bytearena-sdk-math/-/bytearena-sdk-math-0.0.13.tgz",
          "integrity": "sha512-LrrZMG/gKjAMTsfyw1u5Sub1ZAhOWf3c51xDeeryI0H6HqFimOIArJHn+c1nvq6bfI92pzB4yFTy6zW0xofEtg=="
        },
        "bytearena-sdk-vector2": {
          "version": "0.0.13",
          "resolved": "https://registry.npmjs.org/bytearena-sdk-vector2/-/bytearena-sdk-vector2-0.0.13.tgz",
          "integrity": "sha512-SlIeRf4KFupKl+NX2Ku4oUifWmunc4XsxOoXiL7/kU/81r+QZd4pfNyxVaybEnAjHyTWEaahVREpvZ9K7H5o8A==",
          "requires": {
            "bytearena-sdk-math": "0.0.13"
          }
        }
      }
    }
  }
}
